
Microsoft Visual Studio Solution File, Format Version 12.00
# Visual Studio Version 17
VisualStudioVersion = 17.11.35219.272
MinimumVisualStudioVersion = 10.0.40219.1
Project("{2150E333-8FDC-42A3-9474-1A3956D46DE8}") = "src", "src", "{3D82D780-6443-41C7-B650-A3B6B2500B2F}"
EndProject
Project("{9A19103F-16F7-4668-BE54-9A1E7A4F7556}") = "WebAPI", "WebAPI\WebAPI.csproj", "{6BFE8184-89AB-455B-B9A4-74D464DA5856}"
EndProject
Project("{9A19103F-16F7-4668-BE54-9A1E7A4F7556}") = "xUnitWebAPI.Test", "xUnitWebAPI.Test\xUnitWebAPI.Test.csproj", "{0121B9CC-3C70-42BB-BE38-345D55279178}"
EndProject
Global
	GlobalSection(SolutionConfigurationPlatforms) = preSolution
		Debug|Any CPU = Debug|Any CPU
		Release|Any CPU = Release|Any CPU
	EndGlobalSection
	GlobalSection(ProjectConfigurationPlatforms) = postSolution
		{6BFE8184-89AB-455B-B9A4-74D464DA5856}.Debug|Any CPU.ActiveCfg = Debug|Any CPU
		{6BFE8184-89AB-455B-B9A4-74D464DA5856}.Debug|Any CPU.Build.0 = Debug|Any CPU
		{6BFE8184-89AB-455B-B9A4-74D464DA5856}.Release|Any CPU.ActiveCfg = Release|Any CPU
		{6BFE8184-89AB-455B-B9A4-74D464DA5856}.Release|Any CPU.Build.0 = Release|Any CPU
		{0121B9CC-3C70-42BB-BE38-345D55279178}.Debug|Any CPU.ActiveCfg = Debug|Any CPU
		{0121B9CC-3C70-42BB-BE38-345D55279178}.Debug|Any CPU.Build.0 = Debug|Any CPU
		{0121B9CC-3C70-42BB-BE38-345D55279178}.Release|Any CPU.ActiveCfg = Release|Any CPU
		{0121B9CC-3C70-42BB-BE38-345D55279178}.Release|Any CPU.Build.0 = Release|Any CPU
	EndGlobalSection
	GlobalSection(SolutionProperties) = preSolution
		HideSolutionNode = FALSE
	EndGlobalSection
	GlobalSection(NestedProjects) = preSolution
		{6BFE8184-89AB-455B-B9A4-74D464DA5856} = {3D82D780-6443-41C7-B650-A3B6B2500B2F}
		{0121B9CC-3C70-42BB-BE38-345D55279178} = {3D82D780-6443-41C7-B650-A3B6B2500B2F}
	EndGlobalSection
	GlobalSection(ExtensibilityGlobals) = postSolution
		SolutionGuid = {72DF14FE-4A38-43A2-8420-092725C5E086}
	EndGlobalSection
EndGlobal
